
Microsoft Visual Studio Solution File, Format Version 12.00
# Visual Studio Version 16
VisualStudioVersion = 16.0.29424.173
MinimumVisualStudioVersion = 10.0.40219.1
Project("{FAE04EC0-301F-11D3-BF4B-00C04F79EFBC}") = "lab3ex2", "lab3ex2\lab3ex2.csproj", "{BDB2B5CF-6060-4E2D-B414-C1D56FA30EEF}"
EndProject
Global
	GlobalSection(SolutionConfigurationPlatforms) = preSolution
		Debug|Any CPU = Debug|Any CPU
		Release|Any CPU = Release|Any CPU
	EndGlobalSection
	GlobalSection(ProjectConfigurationPlatforms) = postSolution
		{BDB2B5CF-6060-4E2D-B414-C1D56FA30EEF}.Debug|Any CPU.ActiveCfg = Debug|Any CPU
		{BDB2B5CF-6060-4E2D-B414-C1D56FA30EEF}.Debug|Any CPU.Build.0 = Debug|Any CPU
		{BDB2B5CF-6060-4E2D-B414-C1D56FA30EEF}.Release|Any CPU.ActiveCfg = Release|Any CPU
		{BDB2B5CF-6060-4E2D-B414-C1D56FA30EEF}.Release|Any CPU.Build.0 = Release|Any CPU
	EndGlobalSection
	GlobalSection(SolutionProperties) = preSolution
		HideSolutionNode = FALSE
	EndGlobalSection
	GlobalSection(ExtensibilityGlobals) = postSolution
		SolutionGuid = {C4D25509-9DA2-4234-991C-4F8512303019}
	EndGlobalSection
EndGlobal
